
Microsoft Visual Studio Solution File, Format Version 12.00
# Visual Studio 2013
VisualStudioVersion = 12.0.31101.0
MinimumVisualStudioVersion = 10.0.40219.1
Project("{FAE04EC0-301F-11D3-BF4B-00C04F79EFBC}") = "Schedule1", "Schedule1\Schedule1.csproj", "{B46F5AAF-A814-4E8F-A1BC-FD65ACC7B31D}"
EndProject
Global
	GlobalSection(SolutionConfigurationPlatforms) = preSolution
		Debug|Any CPU = Debug|Any CPU
		Release|Any CPU = Release|Any CPU
	EndGlobalSection
	GlobalSection(ProjectConfigurationPlatforms) = postSolution
		{B46F5AAF-A814-4E8F-A1BC-FD65ACC7B31D}.Debug|Any CPU.ActiveCfg = Debug|Any CPU
		{B46F5AAF-A814-4E8F-A1BC-FD65ACC7B31D}.Debug|Any CPU.Build.0 = Debug|Any CPU
		{B46F5AAF-A814-4E8F-A1BC-FD65ACC7B31D}.Release|Any CPU.ActiveCfg = Release|Any CPU
		{B46F5AAF-A814-4E8F-A1BC-FD65ACC7B31D}.Release|Any CPU.Build.0 = Release|Any CPU
	EndGlobalSection
	GlobalSection(SolutionProperties) = preSolution
		HideSolutionNode = FALSE
	EndGlobalSection
EndGlobal
